// !$*UTF8*$!
{
	archiveVersion = 1;
	classes = {
	};
	objectVersion = 46;
	objects = {

/* Begin PBXBuildFile section */
		93474DCA1AA01A95004DFAC2 /* main.m in Sources */ = {isa = PBXBuildFile; fileRef = 93474DC91AA01A95004DFAC2 /* main.m */; };
		93474DCD1AA01A95004DFAC2 /* AppDelegate.m in Sources */ = {isa = PBXBuildFile; fileRef = 93474DCC1AA01A95004DFAC2 /* AppDelegate.m */; };
		93474DD51AA01A95004DFAC2 /* Images.xcassets in Resources */ = {isa = PBXBuildFile; fileRef = 93474DD41AA01A95004DFAC2 /* Images.xcassets */; };
		93474DD81AA01A95004DFAC2 /* LaunchScreen.xib in Resources */ = {isa = PBXBuildFile; fileRef = 93474DD61AA01A95004DFAC2 /* LaunchScreen.xib */; };
		93474DE41AA01A95004DFAC2 /* GrouperTests.m in Sources */ = {isa = PBXBuildFile; fileRef = 93474DE31AA01A95004DFAC2 /* GrouperTests.m */; };
		9350B3B51AB48F160042A85B /* CreateEditViewController.m in Sources */ = {isa = PBXBuildFile; fileRef = 9350B3A91AB48F160042A85B /* CreateEditViewController.m */; };
		9350B3B61AB48F160042A85B /* GroupStore.m in Sources */ = {isa = PBXBuildFile; fileRef = 9350B3AB1AB48F160042A85B /* GroupStore.m */; };
		9350B3BA1AB48F160042A85B /* NewListViewController.m in Sources */ = {isa = PBXBuildFile; fileRef = 9350B3B21AB48F160042A85B /* NewListViewController.m */; };
		9350B3BB1AB48F160042A85B /* ViewGroupsViewController.m in Sources */ = {isa = PBXBuildFile; fileRef = 9350B3B41AB48F160042A85B /* ViewGroupsViewController.m */; };
		C67413F01AA55D6000F7FC1B /* Group.m in Sources */ = {isa = PBXBuildFile; fileRef = C67413EF1AA55D6000F7FC1B /* Group.m */; };
		C67413F11AA55E0E00F7FC1B /* Group.h in Sources */ = {isa = PBXBuildFile; fileRef = C67413EE1AA55D6000F7FC1B /* Group.h */; };
		C67F9C6A1AB5D91A00432359 /* GroupDetailViewController.m in Sources */ = {isa = PBXBuildFile; fileRef = C67F9C681AB5D91A00432359 /* GroupDetailViewController.m */; };
		C67F9C761AB5DF3E00432359 /* GroupMemberTableViewCell.m in Sources */ = {isa = PBXBuildFile; fileRef = C67F9C741AB5DF3E00432359 /* GroupMemberTableViewCell.m */; };
		C696580B1AB8F60400E84485 /* GroupTableViewCell.m in Sources */ = {isa = PBXBuildFile; fileRef = C69658091AB8F60400E84485 /* GroupTableViewCell.m */; };
		C696580C1AB8F60400E84485 /* GroupTableViewCell.xib in Resources */ = {isa = PBXBuildFile; fileRef = C696580A1AB8F60400E84485 /* GroupTableViewCell.xib */; };
		C696580E1AB8F6B200E84485 /* ViewGroupsViewController.xib in Resources */ = {isa = PBXBuildFile; fileRef = C696580D1AB8F6B200E84485 /* ViewGroupsViewController.xib */; };
		C6A9CEEE1AB5E7AD006A1D4B /* HomeViewController.m in Sources */ = {isa = PBXBuildFile; fileRef = C6A9CEEC1AB5E7AD006A1D4B /* HomeViewController.m */; };
		C6A9CEEF1AB5E7AD006A1D4B /* HomeViewController.xib in Resources */ = {isa = PBXBuildFile; fileRef = C6A9CEED1AB5E7AD006A1D4B /* HomeViewController.xib */; };
/* End PBXBuildFile section */

/* Begin PBXContainerItemProxy section */
		93474DDE1AA01A95004DFAC2 /* PBXContainerItemProxy */ = {
			isa = PBXContainerItemProxy;
			containerPortal = 93474DBC1AA01A95004DFAC2 /* Project object */;
			proxyType = 1;
			remoteGlobalIDString = 93474DC31AA01A95004DFAC2;
			remoteInfo = Grouper;
		};
/* End PBXContainerItemProxy section */

/* Begin PBXFileReference section */
		93474DC41AA01A95004DFAC2 /* Grouper.app */ = {isa = PBXFileReference; explicitFileType = wrapper.application; includeInIndex = 0; path = Grouper.app; sourceTree = BUILT_PRODUCTS_DIR; };
		93474DC81AA01A95004DFAC2 /* Info.plist */ = {isa = PBXFileReference; lastKnownFileType = text.plist.xml; path = Info.plist; sourceTree = "<group>"; };
		93474DC91AA01A95004DFAC2 /* main.m */ = {isa = PBXFileReference; lastKnownFileType = sourcecode.c.objc; path = main.m; sourceTree = "<group>"; };
		93474DCB1AA01A95004DFAC2 /* AppDelegate.h */ = {isa = PBXFileReference; lastKnownFileType = sourcecode.c.h; path = AppDelegate.h; sourceTree = "<group>"; };
		93474DCC1AA01A95004DFAC2 /* AppDelegate.m */ = {isa = PBXFileReference; lastKnownFileType = sourcecode.c.objc; path = AppDelegate.m; sourceTree = "<group>"; };
		93474DD41AA01A95004DFAC2 /* Images.xcassets */ = {isa = PBXFileReference; lastKnownFileType = folder.assetcatalog; path = Images.xcassets; sourceTree = "<group>"; };
		93474DD71AA01A95004DFAC2 /* Base */ = {isa = PBXFileReference; lastKnownFileType = file.xib; name = Base; path = Base.lproj/LaunchScreen.xib; sourceTree = "<group>"; };
		93474DDD1AA01A95004DFAC2 /* GrouperTests.xctest */ = {isa = PBXFileReference; explicitFileType = wrapper.cfbundle; includeInIndex = 0; path = GrouperTests.xctest; sourceTree = BUILT_PRODUCTS_DIR; };
		93474DE21AA01A95004DFAC2 /* Info.plist */ = {isa = PBXFileReference; lastKnownFileType = text.plist.xml; path = Info.plist; sourceTree = "<group>"; };
		93474DE31AA01A95004DFAC2 /* GrouperTests.m */ = {isa = PBXFileReference; lastKnownFileType = sourcecode.c.objc; path = GrouperTests.m; sourceTree = "<group>"; };
		9350B3A81AB48F160042A85B /* CreateEditViewController.h */ = {isa = PBXFileReference; fileEncoding = 4; lastKnownFileType = sourcecode.c.h; path = CreateEditViewController.h; sourceTree = "<group>"; };
		9350B3A91AB48F160042A85B /* CreateEditViewController.m */ = {isa = PBXFileReference; fileEncoding = 4; lastKnownFileType = sourcecode.c.objc; path = CreateEditViewController.m; sourceTree = "<group>"; };
		9350B3AA1AB48F160042A85B /* GroupStore.h */ = {isa = PBXFileReference; fileEncoding = 4; lastKnownFileType = sourcecode.c.h; path = GroupStore.h; sourceTree = "<group>"; };
		9350B3AB1AB48F160042A85B /* GroupStore.m */ = {isa = PBXFileReference; fileEncoding = 4; lastKnownFileType = sourcecode.c.objc; path = GroupStore.m; sourceTree = "<group>"; };
		9350B3B11AB48F160042A85B /* NewListViewController.h */ = {isa = PBXFileReference; fileEncoding = 4; lastKnownFileType = sourcecode.c.h; path = NewListViewController.h; sourceTree = "<group>"; };
		9350B3B21AB48F160042A85B /* NewListViewController.m */ = {isa = PBXFileReference; fileEncoding = 4; lastKnownFileType = sourcecode.c.objc; path = NewListViewController.m; sourceTree = "<group>"; };
		9350B3B31AB48F160042A85B /* ViewGroupsViewController.h */ = {isa = PBXFileReference; fileEncoding = 4; lastKnownFileType = sourcecode.c.h; path = ViewGroupsViewController.h; sourceTree = "<group>"; };
		9350B3B41AB48F160042A85B /* ViewGroupsViewController.m */ = {isa = PBXFileReference; fileEncoding = 4; lastKnownFileType = sourcecode.c.objc; path = ViewGroupsViewController.m; sourceTree = "<group>"; };
		C67413EE1AA55D6000F7FC1B /* Group.h */ = {isa = PBXFileReference; fileEncoding = 4; lastKnownFileType = sourcecode.c.h; path = Group.h; sourceTree = "<group>"; };
		C67413EF1AA55D6000F7FC1B /* Group.m */ = {isa = PBXFileReference; fileEncoding = 4; lastKnownFileType = sourcecode.c.objc; path = Group.m; sourceTree = "<group>"; };
		C67F9C671AB5D91A00432359 /* GroupDetailViewController.h */ = {isa = PBXFileReference; fileEncoding = 4; lastKnownFileType = sourcecode.c.h; path = GroupDetailViewController.h; sourceTree = "<group>"; };
		C67F9C681AB5D91A00432359 /* GroupDetailViewController.m */ = {isa = PBXFileReference; fileEncoding = 4; lastKnownFileType = sourcecode.c.objc; path = GroupDetailViewController.m; sourceTree = "<group>"; };
		C67F9C731AB5DF3E00432359 /* GroupMemberTableViewCell.h */ = {isa = PBXFileReference; fileEncoding = 4; lastKnownFileType = sourcecode.c.h; path = GroupMemberTableViewCell.h; sourceTree = "<group>"; };
		C67F9C741AB5DF3E00432359 /* GroupMemberTableViewCell.m */ = {isa = PBXFileReference; fileEncoding = 4; lastKnownFileType = sourcecode.c.objc; path = GroupMemberTableViewCell.m; sourceTree = "<group>"; };
		C69658081AB8F60400E84485 /* GroupTableViewCell.h */ = {isa = PBXFileReference; fileEncoding = 4; lastKnownFileType = sourcecode.c.h; path = GroupTableViewCell.h; sourceTree = "<group>"; };
		C69658091AB8F60400E84485 /* GroupTableViewCell.m */ = {isa = PBXFileReference; fileEncoding = 4; lastKnownFileType = sourcecode.c.objc; path = GroupTableViewCell.m; sourceTree = "<group>"; };
		C696580A1AB8F60400E84485 /* GroupTableViewCell.xib */ = {isa = PBXFileReference; fileEncoding = 4; lastKnownFileType = file.xib; path = GroupTableViewCell.xib; sourceTree = "<group>"; };
		C696580D1AB8F6B200E84485 /* ViewGroupsViewController.xib */ = {isa = PBXFileReference; fileEncoding = 4; lastKnownFileType = file.xib; path = ViewGroupsViewController.xib; sourceTree = "<group>"; };
		C6A9CEEB1AB5E7AD006A1D4B /* HomeViewController.h */ = {isa = PBXFileReference; fileEncoding = 4; lastKnownFileType = sourcecode.c.h; name = HomeViewController.h; path = Grouper/HomeViewController.h; sourceTree = "<group>"; };
		C6A9CEEC1AB5E7AD006A1D4B /* HomeViewController.m */ = {isa = PBXFileReference; fileEncoding = 4; lastKnownFileType = sourcecode.c.objc; name = HomeViewController.m; path = Grouper/HomeViewController.m; sourceTree = "<group>"; };
		C6A9CEED1AB5E7AD006A1D4B /* HomeViewController.xib */ = {isa = PBXFileReference; fileEncoding = 4; lastKnownFileType = file.xib; name = HomeViewController.xib; path = Grouper/HomeViewController.xib; sourceTree = "<group>"; };
/* End PBXFileReference section */

/* Begin PBXFrameworksBuildPhase section */
		93474DC11AA01A95004DFAC2 /* Frameworks */ = {
			isa = PBXFrameworksBuildPhase;
			buildActionMask = 2147483647;
			files = (
			);
			runOnlyForDeploymentPostprocessing = 0;
		};
		93474DDA1AA01A95004DFAC2 /* Frameworks */ = {
			isa = PBXFrameworksBuildPhase;
			buildActionMask = 2147483647;
			files = (
			);
			runOnlyForDeploymentPostprocessing = 0;
		};
/* End PBXFrameworksBuildPhase section */

/* Begin PBXGroup section */
		93474DBB1AA01A95004DFAC2 = {
			isa = PBXGroup;
			children = (
				C6A9CEEB1AB5E7AD006A1D4B /* HomeViewController.h */,
				C6A9CEEC1AB5E7AD006A1D4B /* HomeViewController.m */,
				C6A9CEED1AB5E7AD006A1D4B /* HomeViewController.xib */,
				93474DC61AA01A95004DFAC2 /* Grouper */,
				93474DE01AA01A95004DFAC2 /* GrouperTests */,
				93474DC51AA01A95004DFAC2 /* Products */,
			);
			sourceTree = "<group>";
		};
		93474DC51AA01A95004DFAC2 /* Products */ = {
			isa = PBXGroup;
			children = (
				93474DC41AA01A95004DFAC2 /* Grouper.app */,
				93474DDD1AA01A95004DFAC2 /* GrouperTests.xctest */,
			);
			name = Products;
			sourceTree = "<group>";
		};
		93474DC61AA01A95004DFAC2 /* Grouper */ = {
			isa = PBXGroup;
			children = (
				C67F9C7A1AB5E49E00432359 /* TableViewCells */,
				C67413ED1AA55D3F00F7FC1B /* Models */,
				C67413EC1AA5583600F7FC1B /* Views */,
				C67413EB1AA5580900F7FC1B /* MakeGroups */,
				C67413EA1AA5580600F7FC1B /* CreateEdit */,
				C67413E91AA5580400F7FC1B /* ViewGroups */,
				93474DCB1AA01A95004DFAC2 /* AppDelegate.h */,
				93474DCC1AA01A95004DFAC2 /* AppDelegate.m */,
				93474DD41AA01A95004DFAC2 /* Images.xcassets */,
				93474DD61AA01A95004DFAC2 /* LaunchScreen.xib */,
				93474DC71AA01A95004DFAC2 /* Supporting Files */,
			);
			path = Grouper;
			sourceTree = "<group>";
		};
		93474DC71AA01A95004DFAC2 /* Supporting Files */ = {
			isa = PBXGroup;
			children = (
				93474DC81AA01A95004DFAC2 /* Info.plist */,
				93474DC91AA01A95004DFAC2 /* main.m */,
			);
			name = "Supporting Files";
			sourceTree = "<group>";
		};
		93474DE01AA01A95004DFAC2 /* GrouperTests */ = {
			isa = PBXGroup;
			children = (
				93474DE31AA01A95004DFAC2 /* GrouperTests.m */,
				93474DE11AA01A95004DFAC2 /* Supporting Files */,
			);
			path = GrouperTests;
			sourceTree = "<group>";
		};
		93474DE11AA01A95004DFAC2 /* Supporting Files */ = {
			isa = PBXGroup;
			children = (
				93474DE21AA01A95004DFAC2 /* Info.plist */,
			);
			name = "Supporting Files";
			sourceTree = "<group>";
		};
		C67413E91AA5580400F7FC1B /* ViewGroups */ = {
			isa = PBXGroup;
			children = (
				9350B3B31AB48F160042A85B /* ViewGroupsViewController.h */,
				9350B3B41AB48F160042A85B /* ViewGroupsViewController.m */,
				C696580D1AB8F6B200E84485 /* ViewGroupsViewController.xib */,
				C67F9C671AB5D91A00432359 /* GroupDetailViewController.h */,
				C67F9C681AB5D91A00432359 /* GroupDetailViewController.m */,
			);
			name = "\U0010ViewGroups";
			sourceTree = "<group>";
		};
		C67413EA1AA5580600F7FC1B /* CreateEdit */ = {
			isa = PBXGroup;
			children = (
				9350B3B11AB48F160042A85B /* NewListViewController.h */,
				9350B3B21AB48F160042A85B /* NewListViewController.m */,
				9350B3A81AB48F160042A85B /* CreateEditViewController.h */,
				9350B3A91AB48F160042A85B /* CreateEditViewController.m */,
			);
			name = CreateEdit;
			sourceTree = "<group>";
		};
		C67413EB1AA5580900F7FC1B /* MakeGroups */ = {
			isa = PBXGroup;
			children = (
			);
			name = MakeGroups;
			sourceTree = "<group>";
		};
		C67413EC1AA5583600F7FC1B /* Views */ = {
			isa = PBXGroup;
			children = (
			);
			name = Views;
			sourceTree = "<group>";
		};
		C67413ED1AA55D3F00F7FC1B /* Models */ = {
			isa = PBXGroup;
			children = (
				9350B3AA1AB48F160042A85B /* GroupStore.h */,
				9350B3AB1AB48F160042A85B /* GroupStore.m */,
				C67413EE1AA55D6000F7FC1B /* Group.h */,
				C67413EF1AA55D6000F7FC1B /* Group.m */,
			);
			name = Models;
			sourceTree = "<group>";
		};
		C67F9C7A1AB5E49E00432359 /* TableViewCells */ = {
			isa = PBXGroup;
			children = (
				C67F9C731AB5DF3E00432359 /* GroupMemberTableViewCell.h */,
				C67F9C741AB5DF3E00432359 /* GroupMemberTableViewCell.m */,
				C69658081AB8F60400E84485 /* GroupTableViewCell.h */,
				C69658091AB8F60400E84485 /* GroupTableViewCell.m */,
				C696580A1AB8F60400E84485 /* GroupTableViewCell.xib */,
			);
			name = TableViewCells;
			sourceTree = "<group>";
		};
/* End PBXGroup section */

/* Begin PBXNativeTarget section */
		93474DC31AA01A95004DFAC2 /* Grouper */ = {
			isa = PBXNativeTarget;
			buildConfigurationList = 93474DE71AA01A95004DFAC2 /* Build configuration list for PBXNativeTarget "Grouper" */;
			buildPhases = (
				93474DC01AA01A95004DFAC2 /* Sources */,
				93474DC11AA01A95004DFAC2 /* Frameworks */,
				93474DC21AA01A95004DFAC2 /* Resources */,
			);
			buildRules = (
			);
			dependencies = (
			);
			name = Grouper;
			productName = Grouper;
			productReference = 93474DC41AA01A95004DFAC2 /* Grouper.app */;
			productType = "com.apple.product-type.application";
		};
		93474DDC1AA01A95004DFAC2 /* GrouperTests */ = {
			isa = PBXNativeTarget;
			buildConfigurationList = 93474DEA1AA01A95004DFAC2 /* Build configuration list for PBXNativeTarget "GrouperTests" */;
			buildPhases = (
				93474DD91AA01A95004DFAC2 /* Sources */,
				93474DDA1AA01A95004DFAC2 /* Frameworks */,
				93474DDB1AA01A95004DFAC2 /* Resources */,
			);
			buildRules = (
			);
			dependencies = (
				93474DDF1AA01A95004DFAC2 /* PBXTargetDependency */,
			);
			name = GrouperTests;
			productName = GrouperTests;
			productReference = 93474DDD1AA01A95004DFAC2 /* GrouperTests.xctest */;
			productType = "com.apple.product-type.bundle.unit-test";
		};
/* End PBXNativeTarget section */

/* Begin PBXProject section */
		93474DBC1AA01A95004DFAC2 /* Project object */ = {
			isa = PBXProject;
			attributes = {
				LastUpgradeCheck = 0610;
				ORGANIZATIONNAME = Aaron;
				TargetAttributes = {
					93474DC31AA01A95004DFAC2 = {
						CreatedOnToolsVersion = 6.1.1;
					};
					93474DDC1AA01A95004DFAC2 = {
						CreatedOnToolsVersion = 6.1.1;
						TestTargetID = 93474DC31AA01A95004DFAC2;
					};
				};
			};
			buildConfigurationList = 93474DBF1AA01A95004DFAC2 /* Build configuration list for PBXProject "Grouper" */;
			compatibilityVersion = "Xcode 3.2";
			developmentRegion = English;
			hasScannedForEncodings = 0;
			knownRegions = (
				en,
				Base,
			);
			mainGroup = 93474DBB1AA01A95004DFAC2;
			productRefGroup = 93474DC51AA01A95004DFAC2 /* Products */;
			projectDirPath = "";
			projectRoot = "";
			targets = (
				93474DC31AA01A95004DFAC2 /* Grouper */,
				93474DDC1AA01A95004DFAC2 /* GrouperTests */,
			);
		};
/* End PBXProject section */

/* Begin PBXResourcesBuildPhase section */
		93474DC21AA01A95004DFAC2 /* Resources */ = {
			isa = PBXResourcesBuildPhase;
			buildActionMask = 2147483647;
			files = (
				93474DD81AA01A95004DFAC2 /* LaunchScreen.xib in Resources */,
				93474DD51AA01A95004DFAC2 /* Images.xcassets in Resources */,
				C696580E1AB8F6B200E84485 /* ViewGroupsViewController.xib in Resources */,
				C6A9CEEF1AB5E7AD006A1D4B /* HomeViewController.xib in Resources */,
				C696580C1AB8F60400E84485 /* GroupTableViewCell.xib in Resources */,
			);
			runOnlyForDeploymentPostprocessing = 0;
		};
		93474DDB1AA01A95004DFAC2 /* Resources */ = {
			isa = PBXResourcesBuildPhase;
			buildActionMask = 2147483647;
			files = (
			);
			runOnlyForDeploymentPostprocessing = 0;
		};
/* End PBXResourcesBuildPhase section */

/* Begin PBXSourcesBuildPhase section */
		93474DC01AA01A95004DFAC2 /* Sources */ = {
			isa = PBXSourcesBuildPhase;
			buildActionMask = 2147483647;
			files = (
				C67413F11AA55E0E00F7FC1B /* Group.h in Sources */,
				9350B3BB1AB48F160042A85B /* ViewGroupsViewController.m in Sources */,
				93474DCD1AA01A95004DFAC2 /* AppDelegate.m in Sources */,
				C696580B1AB8F60400E84485 /* GroupTableViewCell.m in Sources */,
				93474DCA1AA01A95004DFAC2 /* main.m in Sources */,
				C67F9C761AB5DF3E00432359 /* GroupMemberTableViewCell.m in Sources */,
				9350B3B61AB48F160042A85B /* GroupStore.m in Sources */,
				C67413F01AA55D6000F7FC1B /* Group.m in Sources */,
				9350B3BA1AB48F160042A85B /* NewListViewController.m in Sources */,
				9350B3B51AB48F160042A85B /* CreateEditViewController.m in Sources */,
				C67F9C6A1AB5D91A00432359 /* GroupDetailViewController.m in Sources */,
				C6A9CEEE1AB5E7AD006A1D4B /* HomeViewController.m in Sources */,
			);
			runOnlyForDeploymentPostprocessing = 0;
		};
		93474DD91AA01A95004DFAC2 /* Sources */ = {
			isa = PBXSourcesBuildPhase;
			buildActionMask = 2147483647;
			files = (
				93474DE41AA01A95004DFAC2 /* GrouperTests.m in Sources */,
			);
			runOnlyForDeploymentPostprocessing = 0;
		};
/* End PBXSourcesBuildPhase section */

/* Begin PBXTargetDependency section */
		93474DDF1AA01A95004DFAC2 /* PBXTargetDependency */ = {
			isa = PBXTargetDependency;
			target = 93474DC31AA01A95004DFAC2 /* Grouper */;
			targetProxy = 93474DDE1AA01A95004DFAC2 /* PBXContainerItemProxy */;
		};
/* End PBXTargetDependency section */

/* Begin PBXVariantGroup section */
		93474DD61AA01A95004DFAC2 /* LaunchScreen.xib */ = {
			isa = PBXVariantGroup;
			children = (
				93474DD71AA01A95004DFAC2 /* Base */,
			);
			name = LaunchScreen.xib;
			sourceTree = "<group>";
		};
/* End PBXVariantGroup section */

/* Begin XCBuildConfiguration section */
		93474DE51AA01A95004DFAC2 /* Debug */ = {
			isa = XCBuildConfiguration;
			buildSettings = {
				ALWAYS_SEARCH_USER_PATHS = NO;
				CLANG_CXX_LANGUAGE_STANDARD = "gnu++0x";
				CLANG_CXX_LIBRARY = "libc++";
				CLANG_ENABLE_MODULES = YES;
				CLANG_ENABLE_OBJC_ARC = YES;
				CLANG_WARN_BOOL_CONVERSION = YES;
				CLANG_WARN_CONSTANT_CONVERSION = YES;
				CLANG_WARN_DIRECT_OBJC_ISA_USAGE = YES_ERROR;
				CLANG_WARN_EMPTY_BODY = YES;
				CLANG_WARN_ENUM_CONVERSION = YES;
				CLANG_WARN_INT_CONVERSION = YES;
				CLANG_WARN_OBJC_ROOT_CLASS = YES_ERROR;
				CLANG_WARN_UNREACHABLE_CODE = YES;
				CLANG_WARN__DUPLICATE_METHOD_MATCH = YES;
				"CODE_SIGN_IDENTITY[sdk=iphoneos*]" = "iPhone Developer";
				COPY_PHASE_STRIP = NO;
				ENABLE_STRICT_OBJC_MSGSEND = YES;
				GCC_C_LANGUAGE_STANDARD = gnu99;
				GCC_DYNAMIC_NO_PIC = NO;
				GCC_OPTIMIZATION_LEVEL = 0;
				GCC_PREPROCESSOR_DEFINITIONS = (
					"DEBUG=1",
					"$(inherited)",
				);
				GCC_SYMBOLS_PRIVATE_EXTERN = NO;
				GCC_WARN_64_TO_32_BIT_CONVERSION = YES;
				GCC_WARN_ABOUT_RETURN_TYPE = YES_ERROR;
				GCC_WARN_UNDECLARED_SELECTOR = YES;
				GCC_WARN_UNINITIALIZED_AUTOS = YES_AGGRESSIVE;
				GCC_WARN_UNUSED_FUNCTION = YES;
				GCC_WARN_UNUSED_VARIABLE = YES;
				IPHONEOS_DEPLOYMENT_TARGET = 8.1;
				MTL_ENABLE_DEBUG_INFO = YES;
				ONLY_ACTIVE_ARCH = YES;
				SDKROOT = iphoneos;
				TARGETED_DEVICE_FAMILY = "1,2";
			};
			name = Debug;
		};
		93474DE61AA01A95004DFAC2 /* Release */ = {
			isa = XCBuildConfiguration;
			buildSettings = {
				ALWAYS_SEARCH_USER_PATHS = NO;
				CLANG_CXX_LANGUAGE_STANDARD = "gnu++0x";
				CLANG_CXX_LIBRARY = "libc++";
				CLANG_ENABLE_MODULES = YES;
				CLANG_ENABLE_OBJC_ARC = YES;
				CLANG_WARN_BOOL_CONVERSION = YES;
				CLANG_WARN_CONSTANT_CONVERSION = YES;
				CLANG_WARN_DIRECT_OBJC_ISA_USAGE = YES_ERROR;
				CLANG_WARN_EMPTY_BODY = YES;
				CLANG_WARN_ENUM_CONVERSION = YES;
				CLANG_WARN_INT_CONVERSION = YES;
				CLANG_WARN_OBJC_ROOT_CLASS = YES_ERROR;
				CLANG_WARN_UNREACHABLE_CODE = YES;
				CLANG_WARN__DUPLICATE_METHOD_MATCH = YES;
				"CODE_SIGN_IDENTITY[sdk=iphoneos*]" = "iPhone Developer";
				COPY_PHASE_STRIP = YES;
				ENABLE_NS_ASSERTIONS = NO;
				ENABLE_STRICT_OBJC_MSGSEND = YES;
				GCC_C_LANGUAGE_STANDARD = gnu99;
				GCC_WARN_64_TO_32_BIT_CONVERSION = YES;
				GCC_WARN_ABOUT_RETURN_TYPE = YES_ERROR;
				GCC_WARN_UNDECLARED_SELECTOR = YES;
				GCC_WARN_UNINITIALIZED_AUTOS = YES_AGGRESSIVE;
				GCC_WARN_UNUSED_FUNCTION = YES;
				GCC_WARN_UNUSED_VARIABLE = YES;
				IPHONEOS_DEPLOYMENT_TARGET = 8.1;
				MTL_ENABLE_DEBUG_INFO = NO;
				SDKROOT = iphoneos;
				TARGETED_DEVICE_FAMILY = "1,2";
				VALIDATE_PRODUCT = YES;
			};
			name = Release;
		};
		93474DE81AA01A95004DFAC2 /* Debug */ = {
			isa = XCBuildConfiguration;
			buildSettings = {
				ASSETCATALOG_COMPILER_APPICON_NAME = AppIcon;
				INFOPLIST_FILE = Grouper/Info.plist;
				LD_RUNPATH_SEARCH_PATHS = "$(inherited) @executable_path/Frameworks";
				PRODUCT_NAME = "$(TARGET_NAME)";
			};
			name = Debug;
		};
		93474DE91AA01A95004DFAC2 /* Release */ = {
			isa = XCBuildConfiguration;
			buildSettings = {
				ASSETCATALOG_COMPILER_APPICON_NAME = AppIcon;
				INFOPLIST_FILE = Grouper/Info.plist;
				LD_RUNPATH_SEARCH_PATHS = "$(inherited) @executable_path/Frameworks";
				PRODUCT_NAME = "$(TARGET_NAME)";
			};
			name = Release;
		};
		93474DEB1AA01A95004DFAC2 /* Debug */ = {
			isa = XCBuildConfiguration;
			buildSettings = {
				BUNDLE_LOADER = "$(TEST_HOST)";
				FRAMEWORK_SEARCH_PATHS = (
					"$(SDKROOT)/Developer/Library/Frameworks",
					"$(inherited)",
				);
				GCC_PREPROCESSOR_DEFINITIONS = (
					"DEBUG=1",
					"$(inherited)",
				);
				INFOPLIST_FILE = GrouperTests/Info.plist;
				LD_RUNPATH_SEARCH_PATHS = "$(inherited) @executable_path/Frameworks @loader_path/Frameworks";
				PRODUCT_NAME = "$(TARGET_NAME)";
				TEST_HOST = "$(BUILT_PRODUCTS_DIR)/Grouper.app/Grouper";
			};
			name = Debug;
		};
		93474DEC1AA01A95004DFAC2 /* Release */ = {
			isa = XCBuildConfiguration;
			buildSettings = {
				BUNDLE_LOADER = "$(TEST_HOST)";
				FRAMEWORK_SEARCH_PATHS = (
					"$(SDKROOT)/Developer/Library/Frameworks",
					"$(inherited)",
				);
				INFOPLIST_FILE = GrouperTests/Info.plist;
				LD_RUNPATH_SEARCH_PATHS = "$(inherited) @executable_path/Frameworks @loader_path/Frameworks";
				PRODUCT_NAME = "$(TARGET_NAME)";
				TEST_HOST = "$(BUILT_PRODUCTS_DIR)/Grouper.app/Grouper";
			};
			name = Release;
		};
/* End XCBuildConfiguration section */

/* Begin XCConfigurationList section */
		93474DBF1AA01A95004DFAC2 /* Build configuration list for PBXProject "Grouper" */ = {
			isa = XCConfigurationList;
			buildConfigurations = (
				93474DE51AA01A95004DFAC2 /* Debug */,
				93474DE61AA01A95004DFAC2 /* Release */,
			);
			defaultConfigurationIsVisible = 0;
			defaultConfigurationName = Release;
		};
		93474DE71AA01A95004DFAC2 /* Build configuration list for PBXNativeTarget "Grouper" */ = {
			isa = XCConfigurationList;
			buildConfigurations = (
				93474DE81AA01A95004DFAC2 /* Debug */,
				93474DE91AA01A95004DFAC2 /* Release */,
			);
			defaultConfigurationIsVisible = 0;
			defaultConfigurationName = Release;
		};
		93474DEA1AA01A95004DFAC2 /* Build configuration list for PBXNativeTarget "GrouperTests" */ = {
			isa = XCConfigurationList;
			buildConfigurations = (
				93474DEB1AA01A95004DFAC2 /* Debug */,
				93474DEC1AA01A95004DFAC2 /* Release */,
			);
			defaultConfigurationIsVisible = 0;
			defaultConfigurationName = Release;
		};
/* End XCConfigurationList section */
	};
	rootObject = 93474DBC1AA01A95004DFAC2 /* Project object */;
}
