// !$*UTF8*$!
{
	archiveVersion = 1;
	classes = {
	};
	objectVersion = 46;
	objects = {

/* Begin PBXBuildFile section */
		1895BF66CB104AAD530F687F /* libPods-ClassSplit.a in Frameworks */ = {isa = PBXBuildFile; fileRef = E332BC44BB390B5A728A5B20 /* libPods-ClassSplit.a */; };
		93161D8D1ADF27E00071CC16 /* CSPSelectClassesViewController.m in Sources */ = {isa = PBXBuildFile; fileRef = 93161D8B1ADF27E00071CC16 /* CSPSelectClassesViewController.m */; };
		93161D8E1ADF27E00071CC16 /* CSPSelectClassesViewController.xib in Resources */ = {isa = PBXBuildFile; fileRef = 93161D8C1ADF27E00071CC16 /* CSPSelectClassesViewController.xib */; };
		93474DCA1AA01A95004DFAC2 /* main.m in Sources */ = {isa = PBXBuildFile; fileRef = 93474DC91AA01A95004DFAC2 /* main.m */; };
		93474DCD1AA01A95004DFAC2 /* AppDelegate.m in Sources */ = {isa = PBXBuildFile; fileRef = 93474DCC1AA01A95004DFAC2 /* AppDelegate.m */; };
		93474DD51AA01A95004DFAC2 /* Images.xcassets in Resources */ = {isa = PBXBuildFile; fileRef = 93474DD41AA01A95004DFAC2 /* Images.xcassets */; };
		93474DD81AA01A95004DFAC2 /* LaunchScreen.xib in Resources */ = {isa = PBXBuildFile; fileRef = 93474DD61AA01A95004DFAC2 /* LaunchScreen.xib */; };
		93474DE41AA01A95004DFAC2 /* GrouperTests.m in Sources */ = {isa = PBXBuildFile; fileRef = 93474DE31AA01A95004DFAC2 /* GrouperTests.m */; };
		9350B3B51AB48F160042A85B /* CSPManageClassesViewController.m in Sources */ = {isa = PBXBuildFile; fileRef = 9350B3A91AB48F160042A85B /* CSPManageClassesViewController.m */; };
		9350B3B61AB48F160042A85B /* CSPGroupStore.m in Sources */ = {isa = PBXBuildFile; fileRef = 9350B3AB1AB48F160042A85B /* CSPGroupStore.m */; };
		9350B3BB1AB48F160042A85B /* CSPViewGroupsViewController.m in Sources */ = {isa = PBXBuildFile; fileRef = 9350B3B41AB48F160042A85B /* CSPViewGroupsViewController.m */; };
		C62A541F1AE47923000CE47B /* CSPCreateGroupsViewController.m in Sources */ = {isa = PBXBuildFile; fileRef = C62A541D1AE47923000CE47B /* CSPCreateGroupsViewController.m */; };
		C62A54201AE47923000CE47B /* CSPCreateGroupsViewController.xib in Resources */ = {isa = PBXBuildFile; fileRef = C62A541E1AE47923000CE47B /* CSPCreateGroupsViewController.xib */; };
		C637257D1AC73CF200E1E496 /* CSPStudent.m in Sources */ = {isa = PBXBuildFile; fileRef = C637257C1AC73CF200E1E496 /* CSPStudent.m */; };
		C641F0911B0D3E8C00FC994E /* CSPAboutPageViewController.m in Sources */ = {isa = PBXBuildFile; fileRef = C641F08F1B0D3E8C00FC994E /* CSPAboutPageViewController.m */; };
		C641F0921B0D3E8C00FC994E /* CSPAboutPageViewController.xib in Resources */ = {isa = PBXBuildFile; fileRef = C641F0901B0D3E8C00FC994E /* CSPAboutPageViewController.xib */; };
		C64D41391ABA59AC000473B1 /* CSPManageClassesDetailViewController.m in Sources */ = {isa = PBXBuildFile; fileRef = C64D41371ABA59AC000473B1 /* CSPManageClassesDetailViewController.m */; };
		C64D413A1ABA59AC000473B1 /* CSPManageClassesDetailViewController.xib in Resources */ = {isa = PBXBuildFile; fileRef = C64D41381ABA59AC000473B1 /* CSPManageClassesDetailViewController.xib */; };
		C64D413E1ABA6053000473B1 /* CSPNameTableViewCell.m in Sources */ = {isa = PBXBuildFile; fileRef = C64D413C1ABA6053000473B1 /* CSPNameTableViewCell.m */; };
		C64D413F1ABA6053000473B1 /* CSPNameTableViewCell.xib in Resources */ = {isa = PBXBuildFile; fileRef = C64D413D1ABA6053000473B1 /* CSPNameTableViewCell.xib */; };
		C67413F01AA55D6000F7FC1B /* CSPGroup.m in Sources */ = {isa = PBXBuildFile; fileRef = C67413EF1AA55D6000F7FC1B /* CSPGroup.m */; };
		C67413F11AA55E0E00F7FC1B /* CSPGroup.h in Sources */ = {isa = PBXBuildFile; fileRef = C67413EE1AA55D6000F7FC1B /* CSPGroup.h */; };
		C67F9C6A1AB5D91A00432359 /* CSPGroupDetailViewController.m in Sources */ = {isa = PBXBuildFile; fileRef = C67F9C681AB5D91A00432359 /* CSPGroupDetailViewController.m */; };
		C696580B1AB8F60400E84485 /* CSPGroupTableViewCell.m in Sources */ = {isa = PBXBuildFile; fileRef = C69658091AB8F60400E84485 /* CSPGroupTableViewCell.m */; };
		C696580C1AB8F60400E84485 /* CSPGroupTableViewCell.xib in Resources */ = {isa = PBXBuildFile; fileRef = C696580A1AB8F60400E84485 /* CSPGroupTableViewCell.xib */; };
		C696580E1AB8F6B200E84485 /* CSPViewGroupsViewController.xib in Resources */ = {isa = PBXBuildFile; fileRef = C696580D1AB8F6B200E84485 /* CSPViewGroupsViewController.xib */; };
		C69658101AB8FE2C00E84485 /* CSPGroupDetailViewController.xib in Resources */ = {isa = PBXBuildFile; fileRef = C696580F1AB8FE2C00E84485 /* CSPGroupDetailViewController.xib */; };
		C69658141AB8FE8F00E84485 /* CSPGroupMemberTableViewCell.m in Sources */ = {isa = PBXBuildFile; fileRef = C69658121AB8FE8F00E84485 /* CSPGroupMemberTableViewCell.m */; };
		C69658151AB8FE8F00E84485 /* CSPGroupMemberTableViewCell.xib in Resources */ = {isa = PBXBuildFile; fileRef = C69658131AB8FE8F00E84485 /* CSPGroupMemberTableViewCell.xib */; };
		C69658181AB90D5700E84485 /* CSPClass.m in Sources */ = {isa = PBXBuildFile; fileRef = C69658171AB90D5700E84485 /* CSPClass.m */; };
		C696581B1AB90D9F00E84485 /* CSPClassStore.m in Sources */ = {isa = PBXBuildFile; fileRef = C696581A1AB90D9F00E84485 /* CSPClassStore.m */; };
		C696581D1AB917A400E84485 /* CSPManageClassesViewController.xib in Resources */ = {isa = PBXBuildFile; fileRef = C696581C1AB917A400E84485 /* CSPManageClassesViewController.xib */; };
		C69658211AB918CA00E84485 /* CSPClassListTableViewCell.m in Sources */ = {isa = PBXBuildFile; fileRef = C696581F1AB918CA00E84485 /* CSPClassListTableViewCell.m */; };
		C69658221AB918CA00E84485 /* CSPClassListTableViewCell.xib in Resources */ = {isa = PBXBuildFile; fileRef = C69658201AB918CA00E84485 /* CSPClassListTableViewCell.xib */; };
		C6A945FE1B0BFD3B00633F07 /* CSPAddStudentViewController.m in Sources */ = {isa = PBXBuildFile; fileRef = C6A945FC1B0BFD3B00633F07 /* CSPAddStudentViewController.m */; };
		C6A945FF1B0BFD3B00633F07 /* CSPAddStudentViewController.xib in Resources */ = {isa = PBXBuildFile; fileRef = C6A945FD1B0BFD3B00633F07 /* CSPAddStudentViewController.xib */; };
		C6A9CEEE1AB5E7AD006A1D4B /* CSPHomeViewController.m in Sources */ = {isa = PBXBuildFile; fileRef = C6A9CEEC1AB5E7AD006A1D4B /* CSPHomeViewController.m */; };
		C6A9CEEF1AB5E7AD006A1D4B /* CSPHomeViewController.xib in Resources */ = {isa = PBXBuildFile; fileRef = C6A9CEED1AB5E7AD006A1D4B /* CSPHomeViewController.xib */; };
		C6DF245A1AF31B63006989DA /* MessageUI.framework in Frameworks */ = {isa = PBXBuildFile; fileRef = C6DF24591AF31B63006989DA /* MessageUI.framework */; };
/* End PBXBuildFile section */

/* Begin PBXContainerItemProxy section */
		93474DDE1AA01A95004DFAC2 /* PBXContainerItemProxy */ = {
			isa = PBXContainerItemProxy;
			containerPortal = 93474DBC1AA01A95004DFAC2 /* Project object */;
			proxyType = 1;
			remoteGlobalIDString = 93474DC31AA01A95004DFAC2;
			remoteInfo = Grouper;
		};
/* End PBXContainerItemProxy section */

/* Begin PBXFileReference section */
		93161D8A1ADF27E00071CC16 /* CSPSelectClassesViewController.h */ = {isa = PBXFileReference; fileEncoding = 4; lastKnownFileType = sourcecode.c.h; path = CSPSelectClassesViewController.h; sourceTree = "<group>"; };
		93161D8B1ADF27E00071CC16 /* CSPSelectClassesViewController.m */ = {isa = PBXFileReference; fileEncoding = 4; lastKnownFileType = sourcecode.c.objc; path = CSPSelectClassesViewController.m; sourceTree = "<group>"; };
		93161D8C1ADF27E00071CC16 /* CSPSelectClassesViewController.xib */ = {isa = PBXFileReference; fileEncoding = 4; lastKnownFileType = file.xib; path = CSPSelectClassesViewController.xib; sourceTree = "<group>"; };
		93474DC41AA01A95004DFAC2 /* ClassSplit.app */ = {isa = PBXFileReference; explicitFileType = wrapper.application; includeInIndex = 0; path = ClassSplit.app; sourceTree = BUILT_PRODUCTS_DIR; };
		93474DC81AA01A95004DFAC2 /* Info.plist */ = {isa = PBXFileReference; lastKnownFileType = text.plist.xml; path = Info.plist; sourceTree = "<group>"; };
		93474DC91AA01A95004DFAC2 /* main.m */ = {isa = PBXFileReference; lastKnownFileType = sourcecode.c.objc; path = main.m; sourceTree = "<group>"; };
		93474DCB1AA01A95004DFAC2 /* AppDelegate.h */ = {isa = PBXFileReference; lastKnownFileType = sourcecode.c.h; path = AppDelegate.h; sourceTree = "<group>"; };
		93474DCC1AA01A95004DFAC2 /* AppDelegate.m */ = {isa = PBXFileReference; lastKnownFileType = sourcecode.c.objc; path = AppDelegate.m; sourceTree = "<group>"; };
		93474DD41AA01A95004DFAC2 /* Images.xcassets */ = {isa = PBXFileReference; lastKnownFileType = folder.assetcatalog; path = Images.xcassets; sourceTree = "<group>"; };
		93474DD71AA01A95004DFAC2 /* Base */ = {isa = PBXFileReference; lastKnownFileType = file.xib; name = Base; path = Base.lproj/LaunchScreen.xib; sourceTree = "<group>"; };
		93474DDD1AA01A95004DFAC2 /* ClassSplitTests.xctest */ = {isa = PBXFileReference; explicitFileType = wrapper.cfbundle; includeInIndex = 0; path = ClassSplitTests.xctest; sourceTree = BUILT_PRODUCTS_DIR; };
		93474DE21AA01A95004DFAC2 /* Info.plist */ = {isa = PBXFileReference; lastKnownFileType = text.plist.xml; path = Info.plist; sourceTree = "<group>"; };
		93474DE31AA01A95004DFAC2 /* GrouperTests.m */ = {isa = PBXFileReference; lastKnownFileType = sourcecode.c.objc; path = GrouperTests.m; sourceTree = "<group>"; };
		9350B3A81AB48F160042A85B /* CSPManageClassesViewController.h */ = {isa = PBXFileReference; fileEncoding = 4; lastKnownFileType = sourcecode.c.h; path = CSPManageClassesViewController.h; sourceTree = "<group>"; };
		9350B3A91AB48F160042A85B /* CSPManageClassesViewController.m */ = {isa = PBXFileReference; fileEncoding = 4; lastKnownFileType = sourcecode.c.objc; path = CSPManageClassesViewController.m; sourceTree = "<group>"; };
		9350B3AA1AB48F160042A85B /* CSPGroupStore.h */ = {isa = PBXFileReference; fileEncoding = 4; lastKnownFileType = sourcecode.c.h; path = CSPGroupStore.h; sourceTree = "<group>"; };
		9350B3AB1AB48F160042A85B /* CSPGroupStore.m */ = {isa = PBXFileReference; fileEncoding = 4; lastKnownFileType = sourcecode.c.objc; path = CSPGroupStore.m; sourceTree = "<group>"; };
		9350B3B31AB48F160042A85B /* CSPViewGroupsViewController.h */ = {isa = PBXFileReference; fileEncoding = 4; lastKnownFileType = sourcecode.c.h; path = CSPViewGroupsViewController.h; sourceTree = "<group>"; };
		9350B3B41AB48F160042A85B /* CSPViewGroupsViewController.m */ = {isa = PBXFileReference; fileEncoding = 4; lastKnownFileType = sourcecode.c.objc; path = CSPViewGroupsViewController.m; sourceTree = "<group>"; };
		C62A541C1AE47923000CE47B /* CSPCreateGroupsViewController.h */ = {isa = PBXFileReference; fileEncoding = 4; lastKnownFileType = sourcecode.c.h; path = CSPCreateGroupsViewController.h; sourceTree = "<group>"; };
		C62A541D1AE47923000CE47B /* CSPCreateGroupsViewController.m */ = {isa = PBXFileReference; fileEncoding = 4; lastKnownFileType = sourcecode.c.objc; path = CSPCreateGroupsViewController.m; sourceTree = "<group>"; };
		C62A541E1AE47923000CE47B /* CSPCreateGroupsViewController.xib */ = {isa = PBXFileReference; fileEncoding = 4; lastKnownFileType = file.xib; path = CSPCreateGroupsViewController.xib; sourceTree = "<group>"; };
		C637257B1AC73CF200E1E496 /* CSPStudent.h */ = {isa = PBXFileReference; fileEncoding = 4; lastKnownFileType = sourcecode.c.h; path = CSPStudent.h; sourceTree = "<group>"; };
		C637257C1AC73CF200E1E496 /* CSPStudent.m */ = {isa = PBXFileReference; fileEncoding = 4; lastKnownFileType = sourcecode.c.objc; path = CSPStudent.m; sourceTree = "<group>"; };
		C641F08E1B0D3E8C00FC994E /* CSPAboutPageViewController.h */ = {isa = PBXFileReference; fileEncoding = 4; lastKnownFileType = sourcecode.c.h; path = CSPAboutPageViewController.h; sourceTree = "<group>"; };
		C641F08F1B0D3E8C00FC994E /* CSPAboutPageViewController.m */ = {isa = PBXFileReference; fileEncoding = 4; lastKnownFileType = sourcecode.c.objc; path = CSPAboutPageViewController.m; sourceTree = "<group>"; };
		C641F0901B0D3E8C00FC994E /* CSPAboutPageViewController.xib */ = {isa = PBXFileReference; fileEncoding = 4; lastKnownFileType = file.xib; path = CSPAboutPageViewController.xib; sourceTree = "<group>"; };
		C64D41361ABA59AC000473B1 /* CSPManageClassesDetailViewController.h */ = {isa = PBXFileReference; fileEncoding = 4; lastKnownFileType = sourcecode.c.h; path = CSPManageClassesDetailViewController.h; sourceTree = "<group>"; };
		C64D41371ABA59AC000473B1 /* CSPManageClassesDetailViewController.m */ = {isa = PBXFileReference; fileEncoding = 4; lastKnownFileType = sourcecode.c.objc; path = CSPManageClassesDetailViewController.m; sourceTree = "<group>"; };
		C64D41381ABA59AC000473B1 /* CSPManageClassesDetailViewController.xib */ = {isa = PBXFileReference; fileEncoding = 4; lastKnownFileType = file.xib; path = CSPManageClassesDetailViewController.xib; sourceTree = "<group>"; };
		C64D413B1ABA6053000473B1 /* CSPNameTableViewCell.h */ = {isa = PBXFileReference; fileEncoding = 4; lastKnownFileType = sourcecode.c.h; path = CSPNameTableViewCell.h; sourceTree = "<group>"; };
		C64D413C1ABA6053000473B1 /* CSPNameTableViewCell.m */ = {isa = PBXFileReference; fileEncoding = 4; lastKnownFileType = sourcecode.c.objc; path = CSPNameTableViewCell.m; sourceTree = "<group>"; };
		C64D413D1ABA6053000473B1 /* CSPNameTableViewCell.xib */ = {isa = PBXFileReference; fileEncoding = 4; lastKnownFileType = file.xib; path = CSPNameTableViewCell.xib; sourceTree = "<group>"; };
		C67413EE1AA55D6000F7FC1B /* CSPGroup.h */ = {isa = PBXFileReference; fileEncoding = 4; lastKnownFileType = sourcecode.c.h; path = CSPGroup.h; sourceTree = "<group>"; };
		C67413EF1AA55D6000F7FC1B /* CSPGroup.m */ = {isa = PBXFileReference; fileEncoding = 4; lastKnownFileType = sourcecode.c.objc; path = CSPGroup.m; sourceTree = "<group>"; };
		C67F9C671AB5D91A00432359 /* CSPGroupDetailViewController.h */ = {isa = PBXFileReference; fileEncoding = 4; lastKnownFileType = sourcecode.c.h; path = CSPGroupDetailViewController.h; sourceTree = "<group>"; };
		C67F9C681AB5D91A00432359 /* CSPGroupDetailViewController.m */ = {isa = PBXFileReference; fileEncoding = 4; lastKnownFileType = sourcecode.c.objc; path = CSPGroupDetailViewController.m; sourceTree = "<group>"; };
		C69658081AB8F60400E84485 /* CSPGroupTableViewCell.h */ = {isa = PBXFileReference; fileEncoding = 4; lastKnownFileType = sourcecode.c.h; path = CSPGroupTableViewCell.h; sourceTree = "<group>"; };
		C69658091AB8F60400E84485 /* CSPGroupTableViewCell.m */ = {isa = PBXFileReference; fileEncoding = 4; lastKnownFileType = sourcecode.c.objc; path = CSPGroupTableViewCell.m; sourceTree = "<group>"; };
		C696580A1AB8F60400E84485 /* CSPGroupTableViewCell.xib */ = {isa = PBXFileReference; fileEncoding = 4; lastKnownFileType = file.xib; path = CSPGroupTableViewCell.xib; sourceTree = "<group>"; };
		C696580D1AB8F6B200E84485 /* CSPViewGroupsViewController.xib */ = {isa = PBXFileReference; fileEncoding = 4; lastKnownFileType = file.xib; path = CSPViewGroupsViewController.xib; sourceTree = "<group>"; };
		C696580F1AB8FE2C00E84485 /* CSPGroupDetailViewController.xib */ = {isa = PBXFileReference; fileEncoding = 4; lastKnownFileType = file.xib; path = CSPGroupDetailViewController.xib; sourceTree = "<group>"; };
		C69658111AB8FE8F00E84485 /* CSPGroupMemberTableViewCell.h */ = {isa = PBXFileReference; fileEncoding = 4; lastKnownFileType = sourcecode.c.h; path = CSPGroupMemberTableViewCell.h; sourceTree = "<group>"; };
		C69658121AB8FE8F00E84485 /* CSPGroupMemberTableViewCell.m */ = {isa = PBXFileReference; fileEncoding = 4; lastKnownFileType = sourcecode.c.objc; path = CSPGroupMemberTableViewCell.m; sourceTree = "<group>"; };
		C69658131AB8FE8F00E84485 /* CSPGroupMemberTableViewCell.xib */ = {isa = PBXFileReference; fileEncoding = 4; lastKnownFileType = file.xib; path = CSPGroupMemberTableViewCell.xib; sourceTree = "<group>"; };
		C69658161AB90D5700E84485 /* CSPClass.h */ = {isa = PBXFileReference; fileEncoding = 4; lastKnownFileType = sourcecode.c.h; path = CSPClass.h; sourceTree = "<group>"; };
		C69658171AB90D5700E84485 /* CSPClass.m */ = {isa = PBXFileReference; fileEncoding = 4; lastKnownFileType = sourcecode.c.objc; path = CSPClass.m; sourceTree = "<group>"; };
		C69658191AB90D9F00E84485 /* CSPClassStore.h */ = {isa = PBXFileReference; fileEncoding = 4; lastKnownFileType = sourcecode.c.h; path = CSPClassStore.h; sourceTree = "<group>"; };
		C696581A1AB90D9F00E84485 /* CSPClassStore.m */ = {isa = PBXFileReference; fileEncoding = 4; lastKnownFileType = sourcecode.c.objc; path = CSPClassStore.m; sourceTree = "<group>"; };
		C696581C1AB917A400E84485 /* CSPManageClassesViewController.xib */ = {isa = PBXFileReference; fileEncoding = 4; lastKnownFileType = file.xib; path = CSPManageClassesViewController.xib; sourceTree = "<group>"; };
		C696581E1AB918CA00E84485 /* CSPClassListTableViewCell.h */ = {isa = PBXFileReference; fileEncoding = 4; lastKnownFileType = sourcecode.c.h; path = CSPClassListTableViewCell.h; sourceTree = "<group>"; };
		C696581F1AB918CA00E84485 /* CSPClassListTableViewCell.m */ = {isa = PBXFileReference; fileEncoding = 4; lastKnownFileType = sourcecode.c.objc; path = CSPClassListTableViewCell.m; sourceTree = "<group>"; };
		C69658201AB918CA00E84485 /* CSPClassListTableViewCell.xib */ = {isa = PBXFileReference; fileEncoding = 4; lastKnownFileType = file.xib; path = CSPClassListTableViewCell.xib; sourceTree = "<group>"; };
		C6A945FB1B0BFD3B00633F07 /* CSPAddStudentViewController.h */ = {isa = PBXFileReference; fileEncoding = 4; lastKnownFileType = sourcecode.c.h; path = CSPAddStudentViewController.h; sourceTree = "<group>"; };
		C6A945FC1B0BFD3B00633F07 /* CSPAddStudentViewController.m */ = {isa = PBXFileReference; fileEncoding = 4; lastKnownFileType = sourcecode.c.objc; path = CSPAddStudentViewController.m; sourceTree = "<group>"; };
		C6A945FD1B0BFD3B00633F07 /* CSPAddStudentViewController.xib */ = {isa = PBXFileReference; fileEncoding = 4; lastKnownFileType = file.xib; path = CSPAddStudentViewController.xib; sourceTree = "<group>"; };
		C6A9CEEB1AB5E7AD006A1D4B /* CSPHomeViewController.h */ = {isa = PBXFileReference; fileEncoding = 4; lastKnownFileType = sourcecode.c.h; path = CSPHomeViewController.h; sourceTree = "<group>"; };
		C6A9CEEC1AB5E7AD006A1D4B /* CSPHomeViewController.m */ = {isa = PBXFileReference; fileEncoding = 4; lastKnownFileType = sourcecode.c.objc; path = CSPHomeViewController.m; sourceTree = "<group>"; };
		C6A9CEED1AB5E7AD006A1D4B /* CSPHomeViewController.xib */ = {isa = PBXFileReference; fileEncoding = 4; lastKnownFileType = file.xib; path = CSPHomeViewController.xib; sourceTree = "<group>"; };
		C6DF24591AF31B63006989DA /* MessageUI.framework */ = {isa = PBXFileReference; lastKnownFileType = wrapper.framework; name = MessageUI.framework; path = System/Library/Frameworks/MessageUI.framework; sourceTree = SDKROOT; };
		E332BC44BB390B5A728A5B20 /* libPods-ClassSplit.a */ = {isa = PBXFileReference; explicitFileType = archive.ar; includeInIndex = 0; path = "libPods-ClassSplit.a"; sourceTree = BUILT_PRODUCTS_DIR; };
		E5EC2BFBC8FFB11D0E8EB10E /* Pods-ClassSplit.debug.xcconfig */ = {isa = PBXFileReference; includeInIndex = 1; lastKnownFileType = text.xcconfig; name = "Pods-ClassSplit.debug.xcconfig"; path = "Pods/Target Support Files/Pods-ClassSplit/Pods-ClassSplit.debug.xcconfig"; sourceTree = "<group>"; };
		F6BAC2A2EEF3CA30B9D9D443 /* Pods-ClassSplit.release.xcconfig */ = {isa = PBXFileReference; includeInIndex = 1; lastKnownFileType = text.xcconfig; name = "Pods-ClassSplit.release.xcconfig"; path = "Pods/Target Support Files/Pods-ClassSplit/Pods-ClassSplit.release.xcconfig"; sourceTree = "<group>"; };
/* End PBXFileReference section */

/* Begin PBXFrameworksBuildPhase section */
		93474DC11AA01A95004DFAC2 /* Frameworks */ = {
			isa = PBXFrameworksBuildPhase;
			buildActionMask = 2147483647;
			files = (
				C6DF245A1AF31B63006989DA /* MessageUI.framework in Frameworks */,
				1895BF66CB104AAD530F687F /* libPods-ClassSplit.a in Frameworks */,
			);
			runOnlyForDeploymentPostprocessing = 0;
		};
		93474DDA1AA01A95004DFAC2 /* Frameworks */ = {
			isa = PBXFrameworksBuildPhase;
			buildActionMask = 2147483647;
			files = (
			);
			runOnlyForDeploymentPostprocessing = 0;
		};
/* End PBXFrameworksBuildPhase section */

/* Begin PBXGroup section */
		58935D33FE18863543C1CA40 /* Pods */ = {
			isa = PBXGroup;
			children = (
				E5EC2BFBC8FFB11D0E8EB10E /* Pods-ClassSplit.debug.xcconfig */,
				F6BAC2A2EEF3CA30B9D9D443 /* Pods-ClassSplit.release.xcconfig */,
			);
			name = Pods;
			sourceTree = "<group>";
		};
		93474DBB1AA01A95004DFAC2 = {
			isa = PBXGroup;
			children = (
				93474DC61AA01A95004DFAC2 /* ClassSplit */,
				93474DE01AA01A95004DFAC2 /* ClassSplitTests */,
				93474DC51AA01A95004DFAC2 /* Products */,
				58935D33FE18863543C1CA40 /* Pods */,
				F686FBD50B9873339C316365 /* Frameworks */,
			);
			sourceTree = "<group>";
		};
		93474DC51AA01A95004DFAC2 /* Products */ = {
			isa = PBXGroup;
			children = (
				93474DC41AA01A95004DFAC2 /* ClassSplit.app */,
				93474DDD1AA01A95004DFAC2 /* ClassSplitTests.xctest */,
			);
			name = Products;
			sourceTree = "<group>";
		};
		93474DC61AA01A95004DFAC2 /* ClassSplit */ = {
			isa = PBXGroup;
			children = (
				C67F9C7A1AB5E49E00432359 /* TableViewCells */,
				C67413ED1AA55D3F00F7FC1B /* Models */,
				C641F08D1B0D3E5000FC994E /* HomeView */,
				C641F08C1B0D3E4600FC994E /* About Page */,
				C67413EB1AA5580900F7FC1B /* MakeGroups */,
				C67413EA1AA5580600F7FC1B /* ManageClasses */,
				C67413E91AA5580400F7FC1B /* ViewGroups */,
				93474DCB1AA01A95004DFAC2 /* AppDelegate.h */,
				93474DCC1AA01A95004DFAC2 /* AppDelegate.m */,
				93474DD41AA01A95004DFAC2 /* Images.xcassets */,
				93474DD61AA01A95004DFAC2 /* LaunchScreen.xib */,
				93474DC71AA01A95004DFAC2 /* Supporting Files */,
			);
			name = ClassSplit;
			path = Grouper;
			sourceTree = "<group>";
		};
		93474DC71AA01A95004DFAC2 /* Supporting Files */ = {
			isa = PBXGroup;
			children = (
				C6DF24591AF31B63006989DA /* MessageUI.framework */,
				93474DC81AA01A95004DFAC2 /* Info.plist */,
				93474DC91AA01A95004DFAC2 /* main.m */,
			);
			name = "Supporting Files";
			sourceTree = "<group>";
		};
		93474DE01AA01A95004DFAC2 /* ClassSplitTests */ = {
			isa = PBXGroup;
			children = (
				93474DE31AA01A95004DFAC2 /* GrouperTests.m */,
				93474DE11AA01A95004DFAC2 /* Supporting Files */,
			);
			name = ClassSplitTests;
			path = GrouperTests;
			sourceTree = "<group>";
		};
		93474DE11AA01A95004DFAC2 /* Supporting Files */ = {
			isa = PBXGroup;
			children = (
				93474DE21AA01A95004DFAC2 /* Info.plist */,
			);
			name = "Supporting Files";
			sourceTree = "<group>";
		};
		C641F08C1B0D3E4600FC994E /* About Page */ = {
			isa = PBXGroup;
			children = (
				C641F08E1B0D3E8C00FC994E /* CSPAboutPageViewController.h */,
				C641F08F1B0D3E8C00FC994E /* CSPAboutPageViewController.m */,
				C641F0901B0D3E8C00FC994E /* CSPAboutPageViewController.xib */,
			);
			name = "About Page";
			sourceTree = "<group>";
		};
		C641F08D1B0D3E5000FC994E /* HomeView */ = {
			isa = PBXGroup;
			children = (
				C6A9CEEB1AB5E7AD006A1D4B /* CSPHomeViewController.h */,
				C6A9CEEC1AB5E7AD006A1D4B /* CSPHomeViewController.m */,
				C6A9CEED1AB5E7AD006A1D4B /* CSPHomeViewController.xib */,
			);
			name = HomeView;
			sourceTree = "<group>";
		};
		C67413E91AA5580400F7FC1B /* ViewGroups */ = {
			isa = PBXGroup;
			children = (
				9350B3B31AB48F160042A85B /* CSPViewGroupsViewController.h */,
				9350B3B41AB48F160042A85B /* CSPViewGroupsViewController.m */,
				C696580D1AB8F6B200E84485 /* CSPViewGroupsViewController.xib */,
				C67F9C671AB5D91A00432359 /* CSPGroupDetailViewController.h */,
				C67F9C681AB5D91A00432359 /* CSPGroupDetailViewController.m */,
				C696580F1AB8FE2C00E84485 /* CSPGroupDetailViewController.xib */,
			);
			name = "\U0010ViewGroups";
			sourceTree = "<group>";
		};
		C67413EA1AA5580600F7FC1B /* ManageClasses */ = {
			isa = PBXGroup;
			children = (
				9350B3A81AB48F160042A85B /* CSPManageClassesViewController.h */,
				9350B3A91AB48F160042A85B /* CSPManageClassesViewController.m */,
				C696581C1AB917A400E84485 /* CSPManageClassesViewController.xib */,
				C64D41361ABA59AC000473B1 /* CSPManageClassesDetailViewController.h */,
				C64D41371ABA59AC000473B1 /* CSPManageClassesDetailViewController.m */,
				C64D41381ABA59AC000473B1 /* CSPManageClassesDetailViewController.xib */,
				C6A945FB1B0BFD3B00633F07 /* CSPAddStudentViewController.h */,
				C6A945FC1B0BFD3B00633F07 /* CSPAddStudentViewController.m */,
				C6A945FD1B0BFD3B00633F07 /* CSPAddStudentViewController.xib */,
			);
			name = ManageClasses;
			sourceTree = "<group>";
		};
		C67413EB1AA5580900F7FC1B /* MakeGroups */ = {
			isa = PBXGroup;
			children = (
				93161D8A1ADF27E00071CC16 /* CSPSelectClassesViewController.h */,
				93161D8B1ADF27E00071CC16 /* CSPSelectClassesViewController.m */,
				93161D8C1ADF27E00071CC16 /* CSPSelectClassesViewController.xib */,
				C62A541C1AE47923000CE47B /* CSPCreateGroupsViewController.h */,
				C62A541D1AE47923000CE47B /* CSPCreateGroupsViewController.m */,
				C62A541E1AE47923000CE47B /* CSPCreateGroupsViewController.xib */,
			);
			name = MakeGroups;
			sourceTree = "<group>";
		};
		C67413ED1AA55D3F00F7FC1B /* Models */ = {
			isa = PBXGroup;
			children = (
				C67413EE1AA55D6000F7FC1B /* CSPGroup.h */,
				C67413EF1AA55D6000F7FC1B /* CSPGroup.m */,
				9350B3AA1AB48F160042A85B /* CSPGroupStore.h */,
				9350B3AB1AB48F160042A85B /* CSPGroupStore.m */,
				C637257B1AC73CF200E1E496 /* CSPStudent.h */,
				C637257C1AC73CF200E1E496 /* CSPStudent.m */,
				C69658161AB90D5700E84485 /* CSPClass.h */,
				C69658171AB90D5700E84485 /* CSPClass.m */,
				C69658191AB90D9F00E84485 /* CSPClassStore.h */,
				C696581A1AB90D9F00E84485 /* CSPClassStore.m */,
			);
			name = Models;
			sourceTree = "<group>";
		};
		C67F9C7A1AB5E49E00432359 /* TableViewCells */ = {
			isa = PBXGroup;
			children = (
				C69658081AB8F60400E84485 /* CSPGroupTableViewCell.h */,
				C69658091AB8F60400E84485 /* CSPGroupTableViewCell.m */,
				C696580A1AB8F60400E84485 /* CSPGroupTableViewCell.xib */,
				C69658111AB8FE8F00E84485 /* CSPGroupMemberTableViewCell.h */,
				C69658121AB8FE8F00E84485 /* CSPGroupMemberTableViewCell.m */,
				C69658131AB8FE8F00E84485 /* CSPGroupMemberTableViewCell.xib */,
				C696581E1AB918CA00E84485 /* CSPClassListTableViewCell.h */,
				C696581F1AB918CA00E84485 /* CSPClassListTableViewCell.m */,
				C69658201AB918CA00E84485 /* CSPClassListTableViewCell.xib */,
				C64D413B1ABA6053000473B1 /* CSPNameTableViewCell.h */,
				C64D413C1ABA6053000473B1 /* CSPNameTableViewCell.m */,
				C64D413D1ABA6053000473B1 /* CSPNameTableViewCell.xib */,
			);
			name = TableViewCells;
			sourceTree = "<group>";
		};
		F686FBD50B9873339C316365 /* Frameworks */ = {
			isa = PBXGroup;
			children = (
				E332BC44BB390B5A728A5B20 /* libPods-ClassSplit.a */,
			);
			name = Frameworks;
			sourceTree = "<group>";
		};
/* End PBXGroup section */

/* Begin PBXNativeTarget section */
		93474DC31AA01A95004DFAC2 /* ClassSplit */ = {
			isa = PBXNativeTarget;
			buildConfigurationList = 93474DE71AA01A95004DFAC2 /* Build configuration list for PBXNativeTarget "ClassSplit" */;
			buildPhases = (
				BE56526B43F7D247F500F5FB /* Check Pods Manifest.lock */,
				93474DC01AA01A95004DFAC2 /* Sources */,
				93474DC11AA01A95004DFAC2 /* Frameworks */,
				93474DC21AA01A95004DFAC2 /* Resources */,
				E453C2CADA462432979FF534 /* Copy Pods Resources */,
			);
			buildRules = (
			);
			dependencies = (
			);
			name = ClassSplit;
			productName = Grouper;
			productReference = 93474DC41AA01A95004DFAC2 /* ClassSplit.app */;
			productType = "com.apple.product-type.application";
		};
		93474DDC1AA01A95004DFAC2 /* ClassSplitTests */ = {
			isa = PBXNativeTarget;
			buildConfigurationList = 93474DEA1AA01A95004DFAC2 /* Build configuration list for PBXNativeTarget "ClassSplitTests" */;
			buildPhases = (
				93474DD91AA01A95004DFAC2 /* Sources */,
				93474DDA1AA01A95004DFAC2 /* Frameworks */,
				93474DDB1AA01A95004DFAC2 /* Resources */,
			);
			buildRules = (
			);
			dependencies = (
				93474DDF1AA01A95004DFAC2 /* PBXTargetDependency */,
			);
			name = ClassSplitTests;
			productName = GrouperTests;
			productReference = 93474DDD1AA01A95004DFAC2 /* ClassSplitTests.xctest */;
			productType = "com.apple.product-type.bundle.unit-test";
		};
/* End PBXNativeTarget section */

/* Begin PBXProject section */
		93474DBC1AA01A95004DFAC2 /* Project object */ = {
			isa = PBXProject;
			attributes = {
				CLASSPREFIX = CSP;
				LastUpgradeCheck = 0610;
				ORGANIZATIONNAME = Aaron;
				TargetAttributes = {
					93474DC31AA01A95004DFAC2 = {
						CreatedOnToolsVersion = 6.1.1;
						DevelopmentTeam = 3SVQDA7WYJ;
					};
					93474DDC1AA01A95004DFAC2 = {
						CreatedOnToolsVersion = 6.1.1;
						TestTargetID = 93474DC31AA01A95004DFAC2;
					};
				};
			};
			buildConfigurationList = 93474DBF1AA01A95004DFAC2 /* Build configuration list for PBXProject "ClassSplit" */;
			compatibilityVersion = "Xcode 3.2";
			developmentRegion = English;
			hasScannedForEncodings = 0;
			knownRegions = (
				en,
				Base,
			);
			mainGroup = 93474DBB1AA01A95004DFAC2;
			productRefGroup = 93474DC51AA01A95004DFAC2 /* Products */;
			projectDirPath = "";
			projectRoot = "";
			targets = (
				93474DC31AA01A95004DFAC2 /* ClassSplit */,
				93474DDC1AA01A95004DFAC2 /* ClassSplitTests */,
			);
		};
/* End PBXProject section */

/* Begin PBXResourcesBuildPhase section */
		93474DC21AA01A95004DFAC2 /* Resources */ = {
			isa = PBXResourcesBuildPhase;
			buildActionMask = 2147483647;
			files = (
				C62A54201AE47923000CE47B /* CSPCreateGroupsViewController.xib in Resources */,
				C69658221AB918CA00E84485 /* CSPClassListTableViewCell.xib in Resources */,
				C69658151AB8FE8F00E84485 /* CSPGroupMemberTableViewCell.xib in Resources */,
				C6A945FF1B0BFD3B00633F07 /* CSPAddStudentViewController.xib in Resources */,
				93474DD81AA01A95004DFAC2 /* LaunchScreen.xib in Resources */,
				C69658101AB8FE2C00E84485 /* CSPGroupDetailViewController.xib in Resources */,
				93161D8E1ADF27E00071CC16 /* CSPSelectClassesViewController.xib in Resources */,
				93474DD51AA01A95004DFAC2 /* Images.xcassets in Resources */,
				C696580E1AB8F6B200E84485 /* CSPViewGroupsViewController.xib in Resources */,
				C64D413F1ABA6053000473B1 /* CSPNameTableViewCell.xib in Resources */,
				C641F0921B0D3E8C00FC994E /* CSPAboutPageViewController.xib in Resources */,
				C6A9CEEF1AB5E7AD006A1D4B /* CSPHomeViewController.xib in Resources */,
				C64D413A1ABA59AC000473B1 /* CSPManageClassesDetailViewController.xib in Resources */,
				C696581D1AB917A400E84485 /* CSPManageClassesViewController.xib in Resources */,
				C696580C1AB8F60400E84485 /* CSPGroupTableViewCell.xib in Resources */,
			);
			runOnlyForDeploymentPostprocessing = 0;
		};
		93474DDB1AA01A95004DFAC2 /* Resources */ = {
			isa = PBXResourcesBuildPhase;
			buildActionMask = 2147483647;
			files = (
			);
			runOnlyForDeploymentPostprocessing = 0;
		};
/* End PBXResourcesBuildPhase section */

/* Begin PBXShellScriptBuildPhase section */
		BE56526B43F7D247F500F5FB /* Check Pods Manifest.lock */ = {
			isa = PBXShellScriptBuildPhase;
			buildActionMask = 2147483647;
			files = (
			);
			inputPaths = (
			);
			name = "Check Pods Manifest.lock";
			outputPaths = (
			);
			runOnlyForDeploymentPostprocessing = 0;
			shellPath = /bin/sh;
			shellScript = "diff \"${PODS_ROOT}/../Podfile.lock\" \"${PODS_ROOT}/Manifest.lock\" > /dev/null\nif [[ $? != 0 ]] ; then\n    cat << EOM\nerror: The sandbox is not in sync with the Podfile.lock. Run 'pod install' or update your CocoaPods installation.\nEOM\n    exit 1\nfi\n";
			showEnvVarsInLog = 0;
		};
		E453C2CADA462432979FF534 /* Copy Pods Resources */ = {
			isa = PBXShellScriptBuildPhase;
			buildActionMask = 2147483647;
			files = (
			);
			inputPaths = (
			);
			name = "Copy Pods Resources";
			outputPaths = (
			);
			runOnlyForDeploymentPostprocessing = 0;
			shellPath = /bin/sh;
			shellScript = "\"${SRCROOT}/Pods/Target Support Files/Pods-ClassSplit/Pods-ClassSplit-resources.sh\"\n";
			showEnvVarsInLog = 0;
		};
/* End PBXShellScriptBuildPhase section */

/* Begin PBXSourcesBuildPhase section */
		93474DC01AA01A95004DFAC2 /* Sources */ = {
			isa = PBXSourcesBuildPhase;
			buildActionMask = 2147483647;
			files = (
				C67413F11AA55E0E00F7FC1B /* CSPGroup.h in Sources */,
				C64D41391ABA59AC000473B1 /* CSPManageClassesDetailViewController.m in Sources */,
				C64D413E1ABA6053000473B1 /* CSPNameTableViewCell.m in Sources */,
				9350B3BB1AB48F160042A85B /* CSPViewGroupsViewController.m in Sources */,
				C637257D1AC73CF200E1E496 /* CSPStudent.m in Sources */,
				93474DCD1AA01A95004DFAC2 /* AppDelegate.m in Sources */,
				C69658211AB918CA00E84485 /* CSPClassListTableViewCell.m in Sources */,
				C62A541F1AE47923000CE47B /* CSPCreateGroupsViewController.m in Sources */,
				C641F0911B0D3E8C00FC994E /* CSPAboutPageViewController.m in Sources */,
				C696580B1AB8F60400E84485 /* CSPGroupTableViewCell.m in Sources */,
				93474DCA1AA01A95004DFAC2 /* main.m in Sources */,
				C69658141AB8FE8F00E84485 /* CSPGroupMemberTableViewCell.m in Sources */,
				C69658181AB90D5700E84485 /* CSPClass.m in Sources */,
				9350B3B61AB48F160042A85B /* CSPGroupStore.m in Sources */,
				C696581B1AB90D9F00E84485 /* CSPClassStore.m in Sources */,
				C67413F01AA55D6000F7FC1B /* CSPGroup.m in Sources */,
				9350B3B51AB48F160042A85B /* CSPManageClassesViewController.m in Sources */,
				C67F9C6A1AB5D91A00432359 /* CSPGroupDetailViewController.m in Sources */,
				93161D8D1ADF27E00071CC16 /* CSPSelectClassesViewController.m in Sources */,
				C6A9CEEE1AB5E7AD006A1D4B /* CSPHomeViewController.m in Sources */,
				C6A945FE1B0BFD3B00633F07 /* CSPAddStudentViewController.m in Sources */,
			);
			runOnlyForDeploymentPostprocessing = 0;
		};
		93474DD91AA01A95004DFAC2 /* Sources */ = {
			isa = PBXSourcesBuildPhase;
			buildActionMask = 2147483647;
			files = (
				93474DE41AA01A95004DFAC2 /* GrouperTests.m in Sources */,
			);
			runOnlyForDeploymentPostprocessing = 0;
		};
/* End PBXSourcesBuildPhase section */

/* Begin PBXTargetDependency section */
		93474DDF1AA01A95004DFAC2 /* PBXTargetDependency */ = {
			isa = PBXTargetDependency;
			target = 93474DC31AA01A95004DFAC2 /* ClassSplit */;
			targetProxy = 93474DDE1AA01A95004DFAC2 /* PBXContainerItemProxy */;
		};
/* End PBXTargetDependency section */

/* Begin PBXVariantGroup section */
		93474DD61AA01A95004DFAC2 /* LaunchScreen.xib */ = {
			isa = PBXVariantGroup;
			children = (
				93474DD71AA01A95004DFAC2 /* Base */,
			);
			name = LaunchScreen.xib;
			sourceTree = "<group>";
		};
/* End PBXVariantGroup section */

/* Begin XCBuildConfiguration section */
		93474DE51AA01A95004DFAC2 /* Debug */ = {
			isa = XCBuildConfiguration;
			buildSettings = {
				ALWAYS_SEARCH_USER_PATHS = NO;
				CLANG_CXX_LANGUAGE_STANDARD = "gnu++0x";
				CLANG_CXX_LIBRARY = "libc++";
				CLANG_ENABLE_MODULES = YES;
				CLANG_ENABLE_OBJC_ARC = YES;
				CLANG_WARN_BOOL_CONVERSION = YES;
				CLANG_WARN_CONSTANT_CONVERSION = YES;
				CLANG_WARN_DIRECT_OBJC_ISA_USAGE = YES_ERROR;
				CLANG_WARN_EMPTY_BODY = YES;
				CLANG_WARN_ENUM_CONVERSION = YES;
				CLANG_WARN_INT_CONVERSION = YES;
				CLANG_WARN_OBJC_ROOT_CLASS = YES_ERROR;
				CLANG_WARN_UNREACHABLE_CODE = YES;
				CLANG_WARN__DUPLICATE_METHOD_MATCH = YES;
				"CODE_SIGN_IDENTITY[sdk=iphoneos*]" = "iPhone Developer";
				COPY_PHASE_STRIP = NO;
				ENABLE_STRICT_OBJC_MSGSEND = YES;
				GCC_C_LANGUAGE_STANDARD = gnu99;
				GCC_DYNAMIC_NO_PIC = NO;
				GCC_OPTIMIZATION_LEVEL = 0;
				GCC_PREPROCESSOR_DEFINITIONS = (
					"DEBUG=1",
					"$(inherited)",
				);
				GCC_SYMBOLS_PRIVATE_EXTERN = NO;
				GCC_WARN_64_TO_32_BIT_CONVERSION = YES;
				GCC_WARN_ABOUT_RETURN_TYPE = YES_ERROR;
				GCC_WARN_UNDECLARED_SELECTOR = YES;
				GCC_WARN_UNINITIALIZED_AUTOS = YES_AGGRESSIVE;
				GCC_WARN_UNUSED_FUNCTION = YES;
				GCC_WARN_UNUSED_VARIABLE = YES;
				IPHONEOS_DEPLOYMENT_TARGET = 8.1;
				MTL_ENABLE_DEBUG_INFO = YES;
				ONLY_ACTIVE_ARCH = YES;
				SDKROOT = iphoneos;
				TARGETED_DEVICE_FAMILY = "1,2";
			};
			name = Debug;
		};
		93474DE61AA01A95004DFAC2 /* Release */ = {
			isa = XCBuildConfiguration;
			buildSettings = {
				ALWAYS_SEARCH_USER_PATHS = NO;
				CLANG_CXX_LANGUAGE_STANDARD = "gnu++0x";
				CLANG_CXX_LIBRARY = "libc++";
				CLANG_ENABLE_MODULES = YES;
				CLANG_ENABLE_OBJC_ARC = YES;
				CLANG_WARN_BOOL_CONVERSION = YES;
				CLANG_WARN_CONSTANT_CONVERSION = YES;
				CLANG_WARN_DIRECT_OBJC_ISA_USAGE = YES_ERROR;
				CLANG_WARN_EMPTY_BODY = YES;
				CLANG_WARN_ENUM_CONVERSION = YES;
				CLANG_WARN_INT_CONVERSION = YES;
				CLANG_WARN_OBJC_ROOT_CLASS = YES_ERROR;
				CLANG_WARN_UNREACHABLE_CODE = YES;
				CLANG_WARN__DUPLICATE_METHOD_MATCH = YES;
				"CODE_SIGN_IDENTITY[sdk=iphoneos*]" = "iPhone Developer";
				COPY_PHASE_STRIP = YES;
				ENABLE_NS_ASSERTIONS = NO;
				ENABLE_STRICT_OBJC_MSGSEND = YES;
				GCC_C_LANGUAGE_STANDARD = gnu99;
				GCC_WARN_64_TO_32_BIT_CONVERSION = YES;
				GCC_WARN_ABOUT_RETURN_TYPE = YES_ERROR;
				GCC_WARN_UNDECLARED_SELECTOR = YES;
				GCC_WARN_UNINITIALIZED_AUTOS = YES_AGGRESSIVE;
				GCC_WARN_UNUSED_FUNCTION = YES;
				GCC_WARN_UNUSED_VARIABLE = YES;
				IPHONEOS_DEPLOYMENT_TARGET = 8.1;
				MTL_ENABLE_DEBUG_INFO = NO;
				SDKROOT = iphoneos;
				TARGETED_DEVICE_FAMILY = "1,2";
				VALIDATE_PRODUCT = YES;
			};
			name = Release;
		};
		93474DE81AA01A95004DFAC2 /* Debug */ = {
			isa = XCBuildConfiguration;
			baseConfigurationReference = E5EC2BFBC8FFB11D0E8EB10E /* Pods-ClassSplit.debug.xcconfig */;
			buildSettings = {
				ASSETCATALOG_COMPILER_APPICON_NAME = AppIcon;
				CODE_SIGN_IDENTITY = "iPhone Developer";
				"CODE_SIGN_IDENTITY[sdk=iphoneos*]" = "iPhone Developer";
				INFOPLIST_FILE = Grouper/Info.plist;
				LD_RUNPATH_SEARCH_PATHS = "$(inherited) @executable_path/Frameworks";
				PRODUCT_NAME = ClassSplit;
				PROVISIONING_PROFILE = "";
			};
			name = Debug;
		};
		93474DE91AA01A95004DFAC2 /* Release */ = {
			isa = XCBuildConfiguration;
			baseConfigurationReference = F6BAC2A2EEF3CA30B9D9D443 /* Pods-ClassSplit.release.xcconfig */;
			buildSettings = {
				ASSETCATALOG_COMPILER_APPICON_NAME = AppIcon;
				CODE_SIGN_IDENTITY = "iPhone Developer";
				"CODE_SIGN_IDENTITY[sdk=iphoneos*]" = "iPhone Developer";
				INFOPLIST_FILE = Grouper/Info.plist;
				LD_RUNPATH_SEARCH_PATHS = "$(inherited) @executable_path/Frameworks";
				PRODUCT_NAME = ClassSplit;
				PROVISIONING_PROFILE = "";
			};
			name = Release;
		};
		93474DEB1AA01A95004DFAC2 /* Debug */ = {
			isa = XCBuildConfiguration;
			buildSettings = {
				BUNDLE_LOADER = "";
				FRAMEWORK_SEARCH_PATHS = (
					"$(SDKROOT)/Developer/Library/Frameworks",
					"$(inherited)",
				);
				GCC_PREPROCESSOR_DEFINITIONS = (
					"DEBUG=1",
					"$(inherited)",
				);
				INFOPLIST_FILE = GrouperTests/Info.plist;
				LD_RUNPATH_SEARCH_PATHS = "$(inherited) @executable_path/Frameworks @loader_path/Frameworks";
				PRODUCT_NAME = ClassSplitTests;
				TEST_HOST = "$(BUILT_PRODUCTS_DIR)/Grouper.app/Grouper";
			};
			name = Debug;
		};
		93474DEC1AA01A95004DFAC2 /* Release */ = {
			isa = XCBuildConfiguration;
			buildSettings = {
				BUNDLE_LOADER = "";
				FRAMEWORK_SEARCH_PATHS = (
					"$(SDKROOT)/Developer/Library/Frameworks",
					"$(inherited)",
				);
				INFOPLIST_FILE = GrouperTests/Info.plist;
				LD_RUNPATH_SEARCH_PATHS = "$(inherited) @executable_path/Frameworks @loader_path/Frameworks";
				PRODUCT_NAME = ClassSplitTests;
				TEST_HOST = "$(BUILT_PRODUCTS_DIR)/Grouper.app/Grouper";
			};
			name = Release;
		};
/* End XCBuildConfiguration section */

/* Begin XCConfigurationList section */
		93474DBF1AA01A95004DFAC2 /* Build configuration list for PBXProject "ClassSplit" */ = {
			isa = XCConfigurationList;
			buildConfigurations = (
				93474DE51AA01A95004DFAC2 /* Debug */,
				93474DE61AA01A95004DFAC2 /* Release */,
			);
			defaultConfigurationIsVisible = 0;
			defaultConfigurationName = Release;
		};
		93474DE71AA01A95004DFAC2 /* Build configuration list for PBXNativeTarget "ClassSplit" */ = {
			isa = XCConfigurationList;
			buildConfigurations = (
				93474DE81AA01A95004DFAC2 /* Debug */,
				93474DE91AA01A95004DFAC2 /* Release */,
			);
			defaultConfigurationIsVisible = 0;
			defaultConfigurationName = Release;
		};
		93474DEA1AA01A95004DFAC2 /* Build configuration list for PBXNativeTarget "ClassSplitTests" */ = {
			isa = XCConfigurationList;
			buildConfigurations = (
				93474DEB1AA01A95004DFAC2 /* Debug */,
				93474DEC1AA01A95004DFAC2 /* Release */,
			);
			defaultConfigurationIsVisible = 0;
			defaultConfigurationName = Release;
		};
/* End XCConfigurationList section */
	};
	rootObject = 93474DBC1AA01A95004DFAC2 /* Project object */;
}
